
Microsoft Visual Studio Solution File, Format Version 12.00
Project("{FAE04EC0-301F-11D3-BF4B-00C04F79EFBC}") = "AppleScene.Rendering", "AppleScene.Rendering\AppleScene.Rendering.csproj", "{57F9819B-64CF-4C1D-BB7A-C713A143CC2F}"
EndProject
Project("{FAE04EC0-301F-11D3-BF4B-00C04F79EFBC}") = "AppleScene.Helpers", "AppleScene.Helpers\AppleScene.Helpers.csproj", "{2B956DFA-7622-416F-8A8D-5C35FD2E83FF}"
EndProject
Project("{FAE04EC0-301F-11D3-BF4B-00C04F79EFBC}") = "AppleScene.Skinning", "AppleScene.Skinning\AppleScene.Skinning.csproj", "{4D5283EE-C15D-4140-8324-3B9091A4B654}"
EndProject
Global
	GlobalSection(SolutionConfigurationPlatforms) = preSolution
		Debug|Any CPU = Debug|Any CPU
		Release|Any CPU = Release|Any CPU
	EndGlobalSection
	GlobalSection(ProjectConfigurationPlatforms) = postSolution
		{57F9819B-64CF-4C1D-BB7A-C713A143CC2F}.Debug|Any CPU.ActiveCfg = Debug|Any CPU
		{57F9819B-64CF-4C1D-BB7A-C713A143CC2F}.Debug|Any CPU.Build.0 = Debug|Any CPU
		{57F9819B-64CF-4C1D-BB7A-C713A143CC2F}.Release|Any CPU.ActiveCfg = Release|Any CPU
		{57F9819B-64CF-4C1D-BB7A-C713A143CC2F}.Release|Any CPU.Build.0 = Release|Any CPU
		{2B956DFA-7622-416F-8A8D-5C35FD2E83FF}.Debug|Any CPU.ActiveCfg = Debug|Any CPU
		{2B956DFA-7622-416F-8A8D-5C35FD2E83FF}.Debug|Any CPU.Build.0 = Debug|Any CPU
		{2B956DFA-7622-416F-8A8D-5C35FD2E83FF}.Release|Any CPU.ActiveCfg = Release|Any CPU
		{2B956DFA-7622-416F-8A8D-5C35FD2E83FF}.Release|Any CPU.Build.0 = Release|Any CPU
		{4D5283EE-C15D-4140-8324-3B9091A4B654}.Debug|Any CPU.ActiveCfg = Debug|Any CPU
		{4D5283EE-C15D-4140-8324-3B9091A4B654}.Debug|Any CPU.Build.0 = Debug|Any CPU
		{4D5283EE-C15D-4140-8324-3B9091A4B654}.Release|Any CPU.ActiveCfg = Release|Any CPU
		{4D5283EE-C15D-4140-8324-3B9091A4B654}.Release|Any CPU.Build.0 = Release|Any CPU
	EndGlobalSection
EndGlobal
